
Microsoft Visual Studio Solution File, Format Version 12.00
# Visual Studio Version 17
VisualStudioVersion = 17.11.35219.272
MinimumVisualStudioVersion = 10.0.40219.1
Project("{9A19103F-16F7-4668-BE54-9A1E7A4F7556}") = "ProductManagementSystem", "ProductManagementSystem\ProductManagementSystem.csproj", "{64AA09A1-261B-4206-84E4-C238FE38AEF9}"
EndProject
Project("{9A19103F-16F7-4668-BE54-9A1E7A4F7556}") = "AllServices", "AllServices\AllServices.csproj", "{5832314A-55F1-47B6-9DA1-0CB3537B7EE7}"
EndProject
Project("{9A19103F-16F7-4668-BE54-9A1E7A4F7556}") = "ApiCore", "ApiCore\ApiCore.csproj", "{CE84CB90-B544-4516-AEF5-D7CB70FB90A8}"
EndProject
Project("{FAE04EC0-301F-11D3-BF4B-00C04F79EFBC}") = "ApiData", "ApiData\ApiData.csproj", "{4E807732-7062-4373-8CC3-E8949D6F26C6}"
EndProject
Global
	GlobalSection(SolutionConfigurationPlatforms) = preSolution
		Debug|Any CPU = Debug|Any CPU
		Release|Any CPU = Release|Any CPU
	EndGlobalSection
	GlobalSection(ProjectConfigurationPlatforms) = postSolution
		{64AA09A1-261B-4206-84E4-C238FE38AEF9}.Debug|Any CPU.ActiveCfg = Debug|Any CPU
		{64AA09A1-261B-4206-84E4-C238FE38AEF9}.Debug|Any CPU.Build.0 = Debug|Any CPU
		{64AA09A1-261B-4206-84E4-C238FE38AEF9}.Release|Any CPU.ActiveCfg = Release|Any CPU
		{64AA09A1-261B-4206-84E4-C238FE38AEF9}.Release|Any CPU.Build.0 = Release|Any CPU
		{5832314A-55F1-47B6-9DA1-0CB3537B7EE7}.Debug|Any CPU.ActiveCfg = Debug|Any CPU
		{5832314A-55F1-47B6-9DA1-0CB3537B7EE7}.Debug|Any CPU.Build.0 = Debug|Any CPU
		{5832314A-55F1-47B6-9DA1-0CB3537B7EE7}.Release|Any CPU.ActiveCfg = Release|Any CPU
		{5832314A-55F1-47B6-9DA1-0CB3537B7EE7}.Release|Any CPU.Build.0 = Release|Any CPU
		{CE84CB90-B544-4516-AEF5-D7CB70FB90A8}.Debug|Any CPU.ActiveCfg = Debug|Any CPU
		{CE84CB90-B544-4516-AEF5-D7CB70FB90A8}.Debug|Any CPU.Build.0 = Debug|Any CPU
		{CE84CB90-B544-4516-AEF5-D7CB70FB90A8}.Release|Any CPU.ActiveCfg = Release|Any CPU
		{CE84CB90-B544-4516-AEF5-D7CB70FB90A8}.Release|Any CPU.Build.0 = Release|Any CPU
		{4E807732-7062-4373-8CC3-E8949D6F26C6}.Debug|Any CPU.ActiveCfg = Debug|Any CPU
		{4E807732-7062-4373-8CC3-E8949D6F26C6}.Debug|Any CPU.Build.0 = Debug|Any CPU
		{4E807732-7062-4373-8CC3-E8949D6F26C6}.Release|Any CPU.ActiveCfg = Release|Any CPU
		{4E807732-7062-4373-8CC3-E8949D6F26C6}.Release|Any CPU.Build.0 = Release|Any CPU
	EndGlobalSection
	GlobalSection(SolutionProperties) = preSolution
		HideSolutionNode = FALSE
	EndGlobalSection
	GlobalSection(ExtensibilityGlobals) = postSolution
		SolutionGuid = {E8D72C57-0746-493B-B919-D7045254DEB6}
	EndGlobalSection
EndGlobal
